
Microsoft Visual Studio Solution File, Format Version 12.00
# Visual Studio Version 16
VisualStudioVersion = 16.0.30804.86
MinimumVisualStudioVersion = 10.0.40219.1
Project("{FAE04EC0-301F-11D3-BF4B-00C04F79EFBC}") = "MTEConsoleFirst", "MTEConsoleFirst\MTEConsoleFirst.csproj", "{5D2A1E1D-F291-4A31-9997-7BDFD64A6B0F}"
EndProject
Global
	GlobalSection(SolutionConfigurationPlatforms) = preSolution
		Debug|Any CPU = Debug|Any CPU
		Release|Any CPU = Release|Any CPU
	EndGlobalSection
	GlobalSection(ProjectConfigurationPlatforms) = postSolution
		{5D2A1E1D-F291-4A31-9997-7BDFD64A6B0F}.Debug|Any CPU.ActiveCfg = Debug|Any CPU
		{5D2A1E1D-F291-4A31-9997-7BDFD64A6B0F}.Debug|Any CPU.Build.0 = Debug|Any CPU
		{5D2A1E1D-F291-4A31-9997-7BDFD64A6B0F}.Release|Any CPU.ActiveCfg = Release|Any CPU
		{5D2A1E1D-F291-4A31-9997-7BDFD64A6B0F}.Release|Any CPU.Build.0 = Release|Any CPU
	EndGlobalSection
	GlobalSection(SolutionProperties) = preSolution
		HideSolutionNode = FALSE
	EndGlobalSection
	GlobalSection(ExtensibilityGlobals) = postSolution
		SolutionGuid = {41B6046A-8B9B-4FF3-833A-158298DD6A2A}
	EndGlobalSection
EndGlobal
